hash: 99c24a5d357174caa0d8e1a3eb618f491275752dbc3e0278fa367c7c300e90a9
updated: 2016-10-26T23:23:25.291634106-04:00
imports:
- name: code.cloudfoundry.org/cli
  version: ada5bac115871cfdcab28e249dcc206c04bc2238
  subpackages:
  - cf
  - cf/configuration
  - cf/configuration/coreconfig
  - cf/formatters
  - cf/i18n
  - cf/models
  - cf/resources
  - cf/trace
  - plugin
  - plugin/models
- name: github.com/blang/semver
  version: 60ec3488bfea7cca02b021d106d9911120d25fe9
  repo: https://github.com/blang/semver
- name: github.com/bradfitz/slice
  version: d9036e2120b5ddfa53f3ebccd618c4af275f47da
- name: github.com/cloudfoundry/cli
  version: ada5bac115871cfdcab28e249dcc206c04bc2238
  subpackages:
  - cf/terminal
  - plugin
  - plugin/pluginfakes
- name: github.com/ecsteam/cfcli-plugin-utils
  version: 713fa50dd722acfcd44dbcfd70283e5695635dd9
  subpackages:
  - plugin/io
  - plugin/version
- name: github.com/fatih/color
  version: 533cd7fd8a85905f67a1753afb4deddc85ea174f
  repo: https://github.com/fatih/color
- name: github.com/krujos/cfcurl
  version: 320854091a119f220102ba356e507c361562b221
- name: github.com/mattn/go-colorable
  version: bc69d6cebca8dd5675346a34a1c545b67dc74d5e
  repo: https://github.com/mattn/go-colorable
- name: github.com/mattn/go-isatty
  version: 56b76bdf51f7708750eac80fa38b952bb9f32639
  repo: https://github.com/mattn/go-isatty
- name: github.com/nicksnyder/go-i18n
  version: 37e5c2de3e03e4b82693e3fcb4a6aa2cc4eb07e3
  repo: https://github.com/nicksnyder/go-i18n
  subpackages:
  - i18n
  - i18n/bundle
  - i18n/language
  - i18n/translation
- name: go4.org
  version: 399a9d7bfe85437346a5ec4ef0450fc2f1084e61
  subpackages:
  - reflectutil
- name: golang.org/x/crypto
  version: 911fafb28f4ee7c7bd483539a6c96190bbbccc3f
  repo: https://go.googlesource.com/crypto
  subpackages:
  - curve25519
  - ed25519
  - ssh
  - ssh/terminal
- name: golang.org/x/sys
  version: a646d33e2ee3172a661fc09bca23bb4889a41bc8
  repo: https://go.googlesource.com/sys
  subpackages:
  - unix
- name: gopkg.in/yaml.v2
  version: e4d366fc3c7938e2958e662b4258c7a89e1f0e3e
  repo: https://gopkg.in/yaml.v2
testImports:
- name: github.com/onsi/ginkgo
  version: 7d3240191d7b2311b60090fcbc96e56bffc45ec0
  subpackages:
  - config
  - internal/codelocation
  - internal/containernode
  - internal/failer
  - internal/leafnodes
  - internal/remote
  - internal/spec
  - internal/specrunner
  - internal/suite
  - internal/testingtproxy
  - internal/writer
  - reporters
  - reporters/stenographer
  - types
- name: github.com/onsi/gomega
  version: 9ed8da19f2156b87a803a8fdf6d126f627a12db1
  subpackages:
  - format
  - internal/assertion
  - internal/asyncassertion
  - internal/oraclematcher
  - internal/testingtsupport
  - matchers
  - matchers/support/goraph/bipartitegraph
  - matchers/support/goraph/edge
  - matchers/support/goraph/node
  - matchers/support/goraph/util
  - types
